
Microsoft Visual Studio Solution File, Format Version 12.00
# Visual Studio Version 17
VisualStudioVersion = 17.5.2.0
MinimumVisualStudioVersion = 10.0.40219.1
Project("{FAE04EC0-301F-11D3-BF4B-00C04F79EFBC}") = "Lap01", "Lap01\Lap01.csproj", "{7E4D02B9-056D-B70C-C990-9ED46869568B}"
EndProject
Project("{FAE04EC0-301F-11D3-BF4B-00C04F79EFBC}") = "Lap02", "Lap02\Lap02.csproj", "{0D0B5EA3-DB73-4370-A286-5B97A898D08B}"
EndProject
Project("{FAE04EC0-301F-11D3-BF4B-00C04F79EFBC}") = "Lap03", "Lap03\Lap03.csproj", "{366E800F-7430-4F09-93E9-52D895A5E514}"
EndProject
Global
	GlobalSection(SolutionConfigurationPlatforms) = preSolution
		Debug|Any CPU = Debug|Any CPU
		Debug|x64 = Debug|x64
		Debug|x86 = Debug|x86
		Release|Any CPU = Release|Any CPU
		Release|x64 = Release|x64
		Release|x86 = Release|x86
	EndGlobalSection
	GlobalSection(ProjectConfigurationPlatforms) = postSolution
		{7E4D02B9-056D-B70C-C990-9ED46869568B}.Debug|Any CPU.ActiveCfg = Debug|Any CPU
		{7E4D02B9-056D-B70C-C990-9ED46869568B}.Debug|Any CPU.Build.0 = Debug|Any CPU
		{7E4D02B9-056D-B70C-C990-9ED46869568B}.Debug|x64.ActiveCfg = Debug|Any CPU
		{7E4D02B9-056D-B70C-C990-9ED46869568B}.Debug|x64.Build.0 = Debug|Any CPU
		{7E4D02B9-056D-B70C-C990-9ED46869568B}.Debug|x86.ActiveCfg = Debug|Any CPU
		{7E4D02B9-056D-B70C-C990-9ED46869568B}.Debug|x86.Build.0 = Debug|Any CPU
		{7E4D02B9-056D-B70C-C990-9ED46869568B}.Release|Any CPU.ActiveCfg = Release|Any CPU
		{7E4D02B9-056D-B70C-C990-9ED46869568B}.Release|Any CPU.Build.0 = Release|Any CPU
		{7E4D02B9-056D-B70C-C990-9ED46869568B}.Release|x64.ActiveCfg = Release|Any CPU
		{7E4D02B9-056D-B70C-C990-9ED46869568B}.Release|x64.Build.0 = Release|Any CPU
		{7E4D02B9-056D-B70C-C990-9ED46869568B}.Release|x86.ActiveCfg = Release|Any CPU
		{7E4D02B9-056D-B70C-C990-9ED46869568B}.Release|x86.Build.0 = Release|Any CPU
		{0D0B5EA3-DB73-4370-A286-5B97A898D08B}.Debug|Any CPU.ActiveCfg = Debug|Any CPU
		{0D0B5EA3-DB73-4370-A286-5B97A898D08B}.Debug|Any CPU.Build.0 = Debug|Any CPU
		{0D0B5EA3-DB73-4370-A286-5B97A898D08B}.Debug|x64.ActiveCfg = Debug|Any CPU
		{0D0B5EA3-DB73-4370-A286-5B97A898D08B}.Debug|x64.Build.0 = Debug|Any CPU
		{0D0B5EA3-DB73-4370-A286-5B97A898D08B}.Debug|x86.ActiveCfg = Debug|Any CPU
		{0D0B5EA3-DB73-4370-A286-5B97A898D08B}.Debug|x86.Build.0 = Debug|Any CPU
		{0D0B5EA3-DB73-4370-A286-5B97A898D08B}.Release|Any CPU.ActiveCfg = Release|Any CPU
		{0D0B5EA3-DB73-4370-A286-5B97A898D08B}.Release|Any CPU.Build.0 = Release|Any CPU
		{0D0B5EA3-DB73-4370-A286-5B97A898D08B}.Release|x64.ActiveCfg = Release|Any CPU
		{0D0B5EA3-DB73-4370-A286-5B97A898D08B}.Release|x64.Build.0 = Release|Any CPU
		{0D0B5EA3-DB73-4370-A286-5B97A898D08B}.Release|x86.ActiveCfg = Release|Any CPU
		{0D0B5EA3-DB73-4370-A286-5B97A898D08B}.Release|x86.Build.0 = Release|Any CPU
		{366E800F-7430-4F09-93E9-52D895A5E514}.Debug|Any CPU.ActiveCfg = Debug|Any CPU
		{366E800F-7430-4F09-93E9-52D895A5E514}.Debug|Any CPU.Build.0 = Debug|Any CPU
		{366E800F-7430-4F09-93E9-52D895A5E514}.Debug|x64.ActiveCfg = Debug|Any CPU
		{366E800F-7430-4F09-93E9-52D895A5E514}.Debug|x64.Build.0 = Debug|Any CPU
		{366E800F-7430-4F09-93E9-52D895A5E514}.Debug|x86.ActiveCfg = Debug|Any CPU
		{366E800F-7430-4F09-93E9-52D895A5E514}.Debug|x86.Build.0 = Debug|Any CPU
		{366E800F-7430-4F09-93E9-52D895A5E514}.Release|Any CPU.ActiveCfg = Release|Any CPU
		{366E800F-7430-4F09-93E9-52D895A5E514}.Release|Any CPU.Build.0 = Release|Any CPU
		{366E800F-7430-4F09-93E9-52D895A5E514}.Release|x64.ActiveCfg = Release|Any CPU
		{366E800F-7430-4F09-93E9-52D895A5E514}.Release|x64.Build.0 = Release|Any CPU
		{366E800F-7430-4F09-93E9-52D895A5E514}.Release|x86.ActiveCfg = Release|Any CPU
		{366E800F-7430-4F09-93E9-52D895A5E514}.Release|x86.Build.0 = Release|Any CPU
	EndGlobalSection
	GlobalSection(SolutionProperties) = preSolution
		HideSolutionNode = FALSE
	EndGlobalSection
	GlobalSection(ExtensibilityGlobals) = postSolution
		SolutionGuid = {0D19AE34-D8DA-4354-87BE-992AA47C7B06}
	EndGlobalSection
EndGlobal
